
Microsoft Visual Studio Solution File, Format Version 12.00
# Visual Studio Version 16
VisualStudioVersion = 16.0.30011.22
MinimumVisualStudioVersion = 10.0.40219.1
Project("{FAE04EC0-301F-11D3-BF4B-00C04F79EFBC}") = "Five", "Five\Five.csproj", "{B69CA674-FFCC-4267-901F-5BFDD99D143D}"
EndProject
Project("{FAE04EC0-301F-11D3-BF4B-00C04F79EFBC}") = "test", "test\test.csproj", "{DBCC67EF-D423-4A56-BC88-1255E1D4FD16}"
EndProject
Global
	GlobalSection(SolutionConfigurationPlatforms) = preSolution
		Debug|Any CPU = Debug|Any CPU
		Release|Any CPU = Release|Any CPU
	EndGlobalSection
	GlobalSection(ProjectConfigurationPlatforms) = postSolution
		{B69CA674-FFCC-4267-901F-5BFDD99D143D}.Debug|Any CPU.ActiveCfg = Debug|Any CPU
		{B69CA674-FFCC-4267-901F-5BFDD99D143D}.Debug|Any CPU.Build.0 = Debug|Any CPU
		{B69CA674-FFCC-4267-901F-5BFDD99D143D}.Release|Any CPU.ActiveCfg = Release|Any CPU
		{B69CA674-FFCC-4267-901F-5BFDD99D143D}.Release|Any CPU.Build.0 = Release|Any CPU
		{DBCC67EF-D423-4A56-BC88-1255E1D4FD16}.Debug|Any CPU.ActiveCfg = Debug|Any CPU
		{DBCC67EF-D423-4A56-BC88-1255E1D4FD16}.Debug|Any CPU.Build.0 = Debug|Any CPU
		{DBCC67EF-D423-4A56-BC88-1255E1D4FD16}.Release|Any CPU.ActiveCfg = Release|Any CPU
		{DBCC67EF-D423-4A56-BC88-1255E1D4FD16}.Release|Any CPU.Build.0 = Release|Any CPU
	EndGlobalSection
	GlobalSection(SolutionProperties) = preSolution
		HideSolutionNode = FALSE
	EndGlobalSection
	GlobalSection(ExtensibilityGlobals) = postSolution
		SolutionGuid = {73C8BA6F-3A94-4F55-BE1C-990EDFB1FC35}
	EndGlobalSection
EndGlobal
